
Microsoft Visual Studio Solution File, Format Version 12.00
# Visual Studio Version 17
VisualStudioVersion = 17.7.34221.43
MinimumVisualStudioVersion = 10.0.40219.1
Project("{FAE04EC0-301F-11D3-BF4B-00C04F79EFBC}") = "MusicPlayerWPF", "MusicPlayerWPF.csproj", "{6255FBFC-1625-435B-A2C1-39DEC001BB51}"
EndProject
Global
	GlobalSection(SolutionConfigurationPlatforms) = preSolution
		Debug|Any CPU = Debug|Any CPU
		Release|Any CPU = Release|Any CPU
	EndGlobalSection
	GlobalSection(ProjectConfigurationPlatforms) = postSolution
		{6255FBFC-1625-435B-A2C1-39DEC001BB51}.Debug|Any CPU.ActiveCfg = Debug|Any CPU
		{6255FBFC-1625-435B-A2C1-39DEC001BB51}.Debug|Any CPU.Build.0 = Debug|Any CPU
		{6255FBFC-1625-435B-A2C1-39DEC001BB51}.Release|Any CPU.ActiveCfg = Release|Any CPU
		{6255FBFC-1625-435B-A2C1-39DEC001BB51}.Release|Any CPU.Build.0 = Release|Any CPU
	EndGlobalSection
	GlobalSection(SolutionProperties) = preSolution
		HideSolutionNode = FALSE
	EndGlobalSection
	GlobalSection(ExtensibilityGlobals) = postSolution
		SolutionGuid = {EA618D8B-D6B8-4D1B-98DF-D3504BB30D79}
	EndGlobalSection
EndGlobal
